
Microsoft Visual Studio Solution File, Format Version 12.00
# Visual Studio Version 16
VisualStudioVersion = 16.0.31702.278
MinimumVisualStudioVersion = 10.0.40219.1
Project("{FAE04EC0-301F-11D3-BF4B-00C04F79EFBC}") = "ShowPlots", "ShowPlots\ShowPlots.csproj", "{4592FD4F-F618-442F-8580-11EAF68D3476}"
EndProject
Global
	GlobalSection(SolutionConfigurationPlatforms) = preSolution
		Debug|Any CPU = Debug|Any CPU
		Release|Any CPU = Release|Any CPU
	EndGlobalSection
	GlobalSection(ProjectConfigurationPlatforms) = postSolution
		{4592FD4F-F618-442F-8580-11EAF68D3476}.Debug|Any CPU.ActiveCfg = Debug|Any CPU
		{4592FD4F-F618-442F-8580-11EAF68D3476}.Debug|Any CPU.Build.0 = Debug|Any CPU
		{4592FD4F-F618-442F-8580-11EAF68D3476}.Release|Any CPU.ActiveCfg = Release|Any CPU
		{4592FD4F-F618-442F-8580-11EAF68D3476}.Release|Any CPU.Build.0 = Release|Any CPU
	EndGlobalSection
	GlobalSection(SolutionProperties) = preSolution
		HideSolutionNode = FALSE
	EndGlobalSection
	GlobalSection(ExtensibilityGlobals) = postSolution
		SolutionGuid = {2C82FBDE-A647-4F4A-9882-020888E0BDC9}
	EndGlobalSection
EndGlobal
